
Microsoft Visual Studio Solution File, Format Version 12.00
Project("{FAE04EC0-301F-11D3-BF4B-00C04F79EFBC}") = "Promo", "Promo\Promo.csproj", "{1887ED25-82B7-4FEB-BC4C-770BBFD991AD}"
EndProject
Global
	GlobalSection(SolutionConfigurationPlatforms) = preSolution
		Debug|Any CPU = Debug|Any CPU
		Release|Any CPU = Release|Any CPU
	EndGlobalSection
	GlobalSection(ProjectConfigurationPlatforms) = postSolution
		{1887ED25-82B7-4FEB-BC4C-770BBFD991AD}.Debug|Any CPU.ActiveCfg = Debug|Any CPU
		{1887ED25-82B7-4FEB-BC4C-770BBFD991AD}.Debug|Any CPU.Build.0 = Debug|Any CPU
		{1887ED25-82B7-4FEB-BC4C-770BBFD991AD}.Release|Any CPU.ActiveCfg = Release|Any CPU
		{1887ED25-82B7-4FEB-BC4C-770BBFD991AD}.Release|Any CPU.Build.0 = Release|Any CPU
	EndGlobalSection
EndGlobal
